
Microsoft Visual Studio Solution File, Format Version 12.00
# Visual Studio 2015
Project("{FAE04EC0-301F-11D3-BF4B-00C04F79EFBC}") = "Mansion Juego.CSharp.Plugins", "Mansion Juego.CSharp.Plugins.csproj", "{9450E444-6900-C265-B00E-FFE6E7063A72}"
EndProject
Project("{FAE04EC0-301F-11D3-BF4B-00C04F79EFBC}") = "Mansion Juego.CSharp", "Mansion Juego.CSharp.csproj", "{7A8B607F-AA70-75AA-4668-F55CD627B198}"
EndProject
Project("{FAE04EC0-301F-11D3-BF4B-00C04F79EFBC}") = "Mansion Juego.CSharp.Editor", "Mansion Juego.CSharp.Editor.csproj", "{830A2CCD-466A-CE16-3754-B2B9F4FBFDF9}"
EndProject
Global
	GlobalSection(SolutionConfigurationPlatforms) = preSolution
		Debug|Any CPU = Debug|Any CPU
		Release|Any CPU = Release|Any CPU
	EndGlobalSection
	GlobalSection(ProjectConfigurationPlatforms) = postSolution
		{9450E444-6900-C265-B00E-FFE6E7063A72}.Debug|Any CPU.ActiveCfg = Debug|Any CPU
		{9450E444-6900-C265-B00E-FFE6E7063A72}.Debug|Any CPU.Build.0 = Debug|Any CPU
		{9450E444-6900-C265-B00E-FFE6E7063A72}.Release|Any CPU.ActiveCfg = Release|Any CPU
		{9450E444-6900-C265-B00E-FFE6E7063A72}.Release|Any CPU.Build.0 = Release|Any CPU
		{7A8B607F-AA70-75AA-4668-F55CD627B198}.Debug|Any CPU.ActiveCfg = Debug|Any CPU
		{7A8B607F-AA70-75AA-4668-F55CD627B198}.Debug|Any CPU.Build.0 = Debug|Any CPU
		{7A8B607F-AA70-75AA-4668-F55CD627B198}.Release|Any CPU.ActiveCfg = Release|Any CPU
		{7A8B607F-AA70-75AA-4668-F55CD627B198}.Release|Any CPU.Build.0 = Release|Any CPU
		{830A2CCD-466A-CE16-3754-B2B9F4FBFDF9}.Debug|Any CPU.ActiveCfg = Debug|Any CPU
		{830A2CCD-466A-CE16-3754-B2B9F4FBFDF9}.Debug|Any CPU.Build.0 = Debug|Any CPU
		{830A2CCD-466A-CE16-3754-B2B9F4FBFDF9}.Release|Any CPU.ActiveCfg = Release|Any CPU
		{830A2CCD-466A-CE16-3754-B2B9F4FBFDF9}.Release|Any CPU.Build.0 = Release|Any CPU
	EndGlobalSection
	GlobalSection(SolutionProperties) = preSolution
		HideSolutionNode = FALSE
	EndGlobalSection
EndGlobal
